
Microsoft Visual Studio Solution File, Format Version 12.00
# Visual Studio Version 16
VisualStudioVersion = 16.0.31129.286
MinimumVisualStudioVersion = 10.0.40219.1
Project("{FAE04EC0-301F-11D3-BF4B-00C04F79EFBC}") = "TestEmailClient", "TestEmailClient\TestEmailClient.csproj", "{8A39E04F-DC22-4FA5-B74C-05BE4B316721}"
EndProject
Global
	GlobalSection(SolutionConfigurationPlatforms) = preSolution
		Debug|Any CPU = Debug|Any CPU
		Release|Any CPU = Release|Any CPU
	EndGlobalSection
	GlobalSection(ProjectConfigurationPlatforms) = postSolution
		{8A39E04F-DC22-4FA5-B74C-05BE4B316721}.Debug|Any CPU.ActiveCfg = Debug|Any CPU
		{8A39E04F-DC22-4FA5-B74C-05BE4B316721}.Debug|Any CPU.Build.0 = Debug|Any CPU
		{8A39E04F-DC22-4FA5-B74C-05BE4B316721}.Release|Any CPU.ActiveCfg = Release|Any CPU
		{8A39E04F-DC22-4FA5-B74C-05BE4B316721}.Release|Any CPU.Build.0 = Release|Any CPU
	EndGlobalSection
	GlobalSection(SolutionProperties) = preSolution
		HideSolutionNode = FALSE
	EndGlobalSection
	GlobalSection(ExtensibilityGlobals) = postSolution
		SolutionGuid = {22D623EA-FD13-46D9-B551-4E2ECFC914AA}
	EndGlobalSection
EndGlobal
